
Microsoft Visual Studio Solution File, Format Version 12.00
# Visual Studio 14
VisualStudioVersion = 14.0.24720.0
MinimumVisualStudioVersion = 10.0.40219.1
Project("{FAE04EC0-301F-11D3-BF4B-00C04F79EFBC}") = "RoboBank.Merchant.Domain", "RoboBank.Merchant.Domain\RoboBank.Merchant.Domain.csproj", "{49B273AA-9564-4399-B3BF-4FE94E50F9E1}"
EndProject
Project("{FAE04EC0-301F-11D3-BF4B-00C04F79EFBC}") = "RoboBank.Merchant.Application", "RoboBank.Merchant.Application\RoboBank.Merchant.Application.csproj", "{CD416D47-E105-4F46-85D6-41E1E0978641}"
EndProject
Global
	GlobalSection(SolutionConfigurationPlatforms) = preSolution
		Debug|Any CPU = Debug|Any CPU
		Release|Any CPU = Release|Any CPU
	EndGlobalSection
	GlobalSection(ProjectConfigurationPlatforms) = postSolution
		{49B273AA-9564-4399-B3BF-4FE94E50F9E1}.Debug|Any CPU.ActiveCfg = Debug|Any CPU
		{49B273AA-9564-4399-B3BF-4FE94E50F9E1}.Debug|Any CPU.Build.0 = Debug|Any CPU
		{49B273AA-9564-4399-B3BF-4FE94E50F9E1}.Release|Any CPU.ActiveCfg = Release|Any CPU
		{49B273AA-9564-4399-B3BF-4FE94E50F9E1}.Release|Any CPU.Build.0 = Release|Any CPU
		{CD416D47-E105-4F46-85D6-41E1E0978641}.Debug|Any CPU.ActiveCfg = Debug|Any CPU
		{CD416D47-E105-4F46-85D6-41E1E0978641}.Debug|Any CPU.Build.0 = Debug|Any CPU
		{CD416D47-E105-4F46-85D6-41E1E0978641}.Release|Any CPU.ActiveCfg = Release|Any CPU
		{CD416D47-E105-4F46-85D6-41E1E0978641}.Release|Any CPU.Build.0 = Release|Any CPU
	EndGlobalSection
	GlobalSection(SolutionProperties) = preSolution
		HideSolutionNode = FALSE
	EndGlobalSection
EndGlobal
